// !$*UTF8*$!
{
	archiveVersion = 1;
	classes = {
	};
	objectVersion = 63;
	objects = {

/* Begin PBXBuildFile section */
		2717BF2D4E9FD63A28F7EB81 /* SampleSlide.swift in Sources */ = {isa = PBXBuildFile; fileRef = E6234F61395003538B888563 /* SampleSlide.swift */; };
		33731079806E8EE86E56057F /* SlideKitAtelierApp.swift in Sources */ = {isa = PBXBuildFile; fileRef = 3ACFBC5EBB84C03AB5BBC5ED /* SlideKitAtelierApp.swift */; };
		571D634AA5096E839ABD0C59 /* SlideKit in Frameworks */ = {isa = PBXBuildFile; productRef = 9865720E850CF3128D1F4EDA /* SlideKit */; };
		765A350891805E890DD91CC3 /* SlideConfiguration.swift in Sources */ = {isa = PBXBuildFile; fileRef = D0919AE8FB9D7283DF7FE271 /* SlideConfiguration.swift */; };
		C38F2B632EE7FE9600CE8064 /* ReasonSlide.swift in Sources */ = {isa = PBXBuildFile; fileRef = C38F2B622EE7FE9600CE8064 /* ReasonSlide.swift */; };
		C3AA93752EDECC7900DED877 /* TitleSlide.swift in Sources */ = {isa = PBXBuildFile; fileRef = C3AA93742EDECC7900DED877 /* TitleSlide.swift */; };
		C3AA937A2EDFC9DE00DED877 /* Colors.swift in Sources */ = {isa = PBXBuildFile; fileRef = C3AA93792EDFC9DE00DED877 /* Colors.swift */; };
		C3AA93862EDFE11100DED877 /* KiwiMaru-Medium.ttf in Resources */ = {isa = PBXBuildFile; fileRef = C3AA93852EDFE11100DED877 /* KiwiMaru-Medium.ttf */; };
		C3AA93882EDFE11900DED877 /* KiwiMaru-Regular.ttf in Resources */ = {isa = PBXBuildFile; fileRef = C3AA93872EDFE11900DED877 /* KiwiMaru-Regular.ttf */; };
		C3AA938A2EDFE12000DED877 /* KiwiMaru-Light.ttf in Resources */ = {isa = PBXBuildFile; fileRef = C3AA93892EDFE12000DED877 /* KiwiMaru-Light.ttf */; };
		C3AA938C2EE114D600DED877 /* ContentSlide.swift in Sources */ = {isa = PBXBuildFile; fileRef = C3AA938B2EE114D600DED877 /* ContentSlide.swift */; };
		C3AA939B2EE158CF00DED877 /* ReserchSlide.swift in Sources */ = {isa = PBXBuildFile; fileRef = C3AA939A2EE158CF00DED877 /* ReserchSlide.swift */; };
		F916172F081C880C2A4A2F90 /* Assets.xcassets in Resources */ = {isa = PBXBuildFile; fileRef = 553039D05CF5FE7D90673CF7 /* Assets.xcassets */; };
/* End PBXBuildFile section */

/* Begin PBXFileReference section */
		3ACFBC5EBB84C03AB5BBC5ED /* SlideKitAtelierApp.swift */ = {isa = PBXFileReference; lastKnownFileType = sourcecode.swift; path = SlideKitAtelierApp.swift; sourceTree = "<group>"; };
		44DB4BBFAA32E78437B85BCA /* SlideKitAtelier.entitlements */ = {isa = PBXFileReference; lastKnownFileType = text.plist.entitlements; path = SlideKitAtelier.entitlements; sourceTree = "<group>"; };
		553039D05CF5FE7D90673CF7 /* Assets.xcassets */ = {isa = PBXFileReference; lastKnownFileType = folder.assetcatalog; path = Assets.xcassets; sourceTree = "<group>"; };
		5F9B93D61143679038DFBDE4 /* Info.plist */ = {isa = PBXFileReference; lastKnownFileType = text.plist; path = Info.plist; sourceTree = "<group>"; };
		6B564336D79A7221EEA77296 /* SlideKitAtelier.app */ = {isa = PBXFileReference; explicitFileType = wrapper.application; includeInIndex = 0; path = SlideKitAtelier.app; sourceTree = BUILT_PRODUCTS_DIR; };
		C38F2B622EE7FE9600CE8064 /* ReasonSlide.swift */ = {isa = PBXFileReference; lastKnownFileType = sourcecode.swift; path = ReasonSlide.swift; sourceTree = "<group>"; };
		C3AA93742EDECC7900DED877 /* TitleSlide.swift */ = {isa = PBXFileReference; lastKnownFileType = sourcecode.swift; path = TitleSlide.swift; sourceTree = "<group>"; };
		C3AA93792EDFC9DE00DED877 /* Colors.swift */ = {isa = PBXFileReference; lastKnownFileType = sourcecode.swift; path = Colors.swift; sourceTree = "<group>"; };
		C3AA93852EDFE11100DED877 /* KiwiMaru-Medium.ttf */ = {isa = PBXFileReference; lastKnownFileType = file; path = "KiwiMaru-Medium.ttf"; sourceTree = "<group>"; };
		C3AA93872EDFE11900DED877 /* KiwiMaru-Regular.ttf */ = {isa = PBXFileReference; lastKnownFileType = file; path = "KiwiMaru-Regular.ttf"; sourceTree = "<group>"; };
		C3AA93892EDFE12000DED877 /* KiwiMaru-Light.ttf */ = {isa = PBXFileReference; lastKnownFileType = file; path = "KiwiMaru-Light.ttf"; sourceTree = "<group>"; };
		C3AA938B2EE114D600DED877 /* ContentSlide.swift */ = {isa = PBXFileReference; lastKnownFileType = sourcecode.swift; path = ContentSlide.swift; sourceTree = "<group>"; };
		C3AA939A2EE158CF00DED877 /* ReserchSlide.swift */ = {isa = PBXFileReference; lastKnownFileType = sourcecode.swift; path = ReserchSlide.swift; sourceTree = "<group>"; };
		D0919AE8FB9D7283DF7FE271 /* SlideConfiguration.swift */ = {isa = PBXFileReference; lastKnownFileType = sourcecode.swift; path = SlideConfiguration.swift; sourceTree = "<group>"; };
		E6234F61395003538B888563 /* SampleSlide.swift */ = {isa = PBXFileReference; lastKnownFileType = sourcecode.swift; path = SampleSlide.swift; sourceTree = "<group>"; };
/* End PBXFileReference section */

/* Begin PBXFrameworksBuildPhase section */
		8DB6AA902C2CB251A1DB62AD /* Frameworks */ = {
			isa = PBXFrameworksBuildPhase;
			buildActionMask = 2147483647;
			files = (
				571D634AA5096E839ABD0C59 /* SlideKit in Frameworks */,
			);
			runOnlyForDeploymentPostprocessing = 0;
		};
/* End PBXFrameworksBuildPhase section */

/* Begin PBXGroup section */
		328A404EEA175B20CC9696D7 /* SlideKitAtelier */ = {
			isa = PBXGroup;
			children = (
				C3AA93842EDFE10000DED877 /* fonts */,
				C3AA93782EDFC9BE00DED877 /* Component */,
				553039D05CF5FE7D90673CF7 /* Assets.xcassets */,
				5F9B93D61143679038DFBDE4 /* Info.plist */,
				D0919AE8FB9D7283DF7FE271 /* SlideConfiguration.swift */,
				44DB4BBFAA32E78437B85BCA /* SlideKitAtelier.entitlements */,
				3ACFBC5EBB84C03AB5BBC5ED /* SlideKitAtelierApp.swift */,
				81412C1F618F7AD6FDC5EF2E /* Slides */,
			);
			path = SlideKitAtelier;
			sourceTree = "<group>";
		};
		81412C1F618F7AD6FDC5EF2E /* Slides */ = {
			isa = PBXGroup;
			children = (
				E6234F61395003538B888563 /* SampleSlide.swift */,
				C3AA93742EDECC7900DED877 /* TitleSlide.swift */,
				C3AA938B2EE114D600DED877 /* ContentSlide.swift */,
				C3AA939A2EE158CF00DED877 /* ReserchSlide.swift */,
				C38F2B622EE7FE9600CE8064 /* ReasonSlide.swift */,
			);
			path = Slides;
			sourceTree = "<group>";
		};
		B5549D7FACD700240AD87BE3 = {
			isa = PBXGroup;
			children = (
				328A404EEA175B20CC9696D7 /* SlideKitAtelier */,
				C57D832F154484C3F6F5B325 /* Products */,
			);
			sourceTree = "<group>";
		};
		C3AA93782EDFC9BE00DED877 /* Component */ = {
			isa = PBXGroup;
			children = (
				C3AA93792EDFC9DE00DED877 /* Colors.swift */,
			);
			path = Component;
			sourceTree = "<group>";
		};
		C3AA93842EDFE10000DED877 /* fonts */ = {
			isa = PBXGroup;
			children = (
				C3AA93852EDFE11100DED877 /* KiwiMaru-Medium.ttf */,
				C3AA93872EDFE11900DED877 /* KiwiMaru-Regular.ttf */,
				C3AA93892EDFE12000DED877 /* KiwiMaru-Light.ttf */,
			);
			path = fonts;
			sourceTree = "<group>";
		};
		C57D832F154484C3F6F5B325 /* Products */ = {
			isa = PBXGroup;
			children = (
				6B564336D79A7221EEA77296 /* SlideKitAtelier.app */,
			);
			name = Products;
			sourceTree = "<group>";
		};
/* End PBXGroup section */

/* Begin PBXNativeTarget section */
		B094D59C9E3958930156FEF8 /* SlideKitAtelier */ = {
			isa = PBXNativeTarget;
			buildConfigurationList = E85226AA2B144CBD184870A7 /* Build configuration list for PBXNativeTarget "SlideKitAtelier" */;
			buildPhases = (
				605BEE531D2F34793F0F80B5 /* Sources */,
				ABBC5EF9BC93FCEE5109683D /* Resources */,
				8DB6AA902C2CB251A1DB62AD /* Frameworks */,
			);
			buildRules = (
			);
			dependencies = (
			);
			name = SlideKitAtelier;
			packageProductDependencies = (
				9865720E850CF3128D1F4EDA /* SlideKit */,
			);
			productName = SlideKitAtelier;
			productReference = 6B564336D79A7221EEA77296 /* SlideKitAtelier.app */;
			productType = "com.apple.product-type.application";
		};
/* End PBXNativeTarget section */

/* Begin PBXProject section */
		ADC693A35497A0937E824915 /* Project object */ = {
			isa = PBXProject;
			attributes = {
				BuildIndependentTargetsInParallel = YES;
				LastUpgradeCheck = 1430;
			};
			buildConfigurationList = 36B649F2CC728C6F971BAE5B /* Build configuration list for PBXProject "SlideKitAtelier" */;
			compatibilityVersion = "Xcode 14.0";
			developmentRegion = en;
			hasScannedForEncodings = 0;
			knownRegions = (
				Base,
				en,
			);
			mainGroup = B5549D7FACD700240AD87BE3;
			minimizedProjectReferenceProxies = 1;
			packageReferences = (
				2F6FB983E04AE58A55A99C50 /* XCRemoteSwiftPackageReference "SlideKit" */,
			);
			projectDirPath = "";
			projectRoot = "";
			targets = (
				B094D59C9E3958930156FEF8 /* SlideKitAtelier */,
			);
		};
/* End PBXProject section */

/* Begin PBXResourcesBuildPhase section */
		ABBC5EF9BC93FCEE5109683D /* Resources */ = {
			isa = PBXResourcesBuildPhase;
			buildActionMask = 2147483647;
			files = (
				C3AA938A2EDFE12000DED877 /* KiwiMaru-Light.ttf in Resources */,
				C3AA93862EDFE11100DED877 /* KiwiMaru-Medium.ttf in Resources */,
				C3AA93882EDFE11900DED877 /* KiwiMaru-Regular.ttf in Resources */,
				F916172F081C880C2A4A2F90 /* Assets.xcassets in Resources */,
			);
			runOnlyForDeploymentPostprocessing = 0;
		};
/* End PBXResourcesBuildPhase section */

/* Begin PBXSourcesBuildPhase section */
		605BEE531D2F34793F0F80B5 /* Sources */ = {
			isa = PBXSourcesBuildPhase;
			buildActionMask = 2147483647;
			files = (
				C3AA939B2EE158CF00DED877 /* ReserchSlide.swift in Sources */,
				2717BF2D4E9FD63A28F7EB81 /* SampleSlide.swift in Sources */,
				C3AA938C2EE114D600DED877 /* ContentSlide.swift in Sources */,
				C3AA937A2EDFC9DE00DED877 /* Colors.swift in Sources */,
				765A350891805E890DD91CC3 /* SlideConfiguration.swift in Sources */,
				C38F2B632EE7FE9600CE8064 /* ReasonSlide.swift in Sources */,
				C3AA93752EDECC7900DED877 /* TitleSlide.swift in Sources */,
				33731079806E8EE86E56057F /* SlideKitAtelierApp.swift in Sources */,
			);
			runOnlyForDeploymentPostprocessing = 0;
		};
/* End PBXSourcesBuildPhase section */

/* Begin XCBuildConfiguration section */
		721B4572A3F2C87FE5642FD6 /* Debug */ = {
			isa = XCBuildConfiguration;
			buildSettings = {
				ASSETCATALOG_COMPILER_APPICON_NAME = AppIcon;
				CODE_SIGN_IDENTITY = "Apple Development";
				CODE_SIGN_STYLE = Automatic;
				COMBINE_HIDPI_IMAGES = YES;
				CURRENT_PROJECT_VERSION = 1;
				DEVELOPMENT_TEAM = 87W7C4VKFR;
				INFOPLIST_FILE = SlideKitAtelier/Info.plist;
				LD_RUNPATH_SEARCH_PATHS = (
					"$(inherited)",
					"@executable_path/../Frameworks",
				);
				MACOSX_DEPLOYMENT_TARGET = 14.0;
				MARKETING_VERSION = 1.0.0;
				PRODUCT_BUNDLE_IDENTIFIER = com.github.mtj0928.SlideGen.SlideKitAtelier;
				PROVISIONING_PROFILE_SPECIFIER = "";
				SDKROOT = macosx;
				SUPPORTED_PLATFORMS = "iphoneos iphonesimulator macosx";
				SUPPORTS_MACCATALYST = NO;
				TARGETED_DEVICE_FAMILY = "1,2";
			};
			name = Debug;
		};
		9F5822FF575D273A3C7AB3E3 /* Release */ = {
			isa = XCBuildConfiguration;
			buildSettings = {
				ALWAYS_SEARCH_USER_PATHS = NO;
				CLANG_ANALYZER_NONNULL = YES;
				CLANG_ANALYZER_NUMBER_OBJECT_CONVERSION = YES_AGGRESSIVE;
				CLANG_CXX_LANGUAGE_STANDARD = "gnu++14";
				CLANG_CXX_LIBRARY = "libc++";
				CLANG_ENABLE_MODULES = YES;
				CLANG_ENABLE_OBJC_ARC = YES;
				CLANG_ENABLE_OBJC_WEAK = YES;
				CLANG_WARN_BLOCK_CAPTURE_AUTORELEASING = YES;
				CLANG_WARN_BOOL_CONVERSION = YES;
				CLANG_WARN_COMMA = YES;
				CLANG_WARN_CONSTANT_CONVERSION = YES;
				CLANG_WARN_DEPRECATED_OBJC_IMPLEMENTATIONS = YES;
				CLANG_WARN_DIRECT_OBJC_ISA_USAGE = YES_ERROR;
				CLANG_WARN_DOCUMENTATION_COMMENTS = YES;
				CLANG_WARN_EMPTY_BODY = YES;
				CLANG_WARN_ENUM_CONVERSION = YES;
				CLANG_WARN_INFINITE_RECURSION = YES;
				CLANG_WARN_INT_CONVERSION = YES;
				CLANG_WARN_NON_LITERAL_NULL_CONVERSION = YES;
				CLANG_WARN_OBJC_IMPLICIT_RETAIN_SELF = YES;
				CLANG_WARN_OBJC_LITERAL_CONVERSION = YES;
				CLANG_WARN_OBJC_ROOT_CLASS = YES_ERROR;
				CLANG_WARN_QUOTED_INCLUDE_IN_FRAMEWORK_HEADER = YES;
				CLANG_WARN_RANGE_LOOP_ANALYSIS = YES;
				CLANG_WARN_STRICT_PROTOTYPES = YES;
				CLANG_WARN_SUSPICIOUS_MOVE = YES;
				CLANG_WARN_UNGUARDED_AVAILABILITY = YES_AGGRESSIVE;
				CLANG_WARN_UNREACHABLE_CODE = YES;
				CLANG_WARN__DUPLICATE_METHOD_MATCH = YES;
				COPY_PHASE_STRIP = NO;
				DEBUG_INFORMATION_FORMAT = "dwarf-with-dsym";
				ENABLE_NS_ASSERTIONS = NO;
				ENABLE_STRICT_OBJC_MSGSEND = YES;
				GCC_C_LANGUAGE_STANDARD = gnu11;
				GCC_NO_COMMON_BLOCKS = YES;
				GCC_WARN_64_TO_32_BIT_CONVERSION = YES;
				GCC_WARN_ABOUT_RETURN_TYPE = YES_ERROR;
				GCC_WARN_UNDECLARED_SELECTOR = YES;
				GCC_WARN_UNINITIALIZED_AUTOS = YES_AGGRESSIVE;
				GCC_WARN_UNUSED_FUNCTION = YES;
				GCC_WARN_UNUSED_VARIABLE = YES;
				MTL_ENABLE_DEBUG_INFO = NO;
				MTL_FAST_MATH = YES;
				PRODUCT_NAME = "$(TARGET_NAME)";
				SDKROOT = macosx;
				SWIFT_COMPILATION_MODE = wholemodule;
				SWIFT_OPTIMIZATION_LEVEL = "-O";
				SWIFT_VERSION = 5.0;
			};
			name = Release;
		};
		A4DF19C6CFEEF7FA6014ACEC /* Release */ = {
			isa = XCBuildConfiguration;
			buildSettings = {
				ASSETCATALOG_COMPILER_APPICON_NAME = AppIcon;
				CODE_SIGN_IDENTITY = "Apple Development";
				CODE_SIGN_STYLE = Automatic;
				COMBINE_HIDPI_IMAGES = YES;
				CURRENT_PROJECT_VERSION = 1;
				DEVELOPMENT_TEAM = 87W7C4VKFR;
				INFOPLIST_FILE = SlideKitAtelier/Info.plist;
				LD_RUNPATH_SEARCH_PATHS = (
					"$(inherited)",
					"@executable_path/../Frameworks",
				);
				MACOSX_DEPLOYMENT_TARGET = 14.0;
				MARKETING_VERSION = 1.0.0;
				PRODUCT_BUNDLE_IDENTIFIER = com.github.mtj0928.SlideGen.SlideKitAtelier;
				PROVISIONING_PROFILE_SPECIFIER = "";
				SDKROOT = macosx;
				SUPPORTED_PLATFORMS = "iphoneos iphonesimulator macosx";
				SUPPORTS_MACCATALYST = NO;
				TARGETED_DEVICE_FAMILY = "1,2";
			};
			name = Release;
		};
		F6C4107C6EA48E0E247F824E /* Debug */ = {
			isa = XCBuildConfiguration;
			buildSettings = {
				ALWAYS_SEARCH_USER_PATHS = NO;
				CLANG_ANALYZER_NONNULL = YES;
				CLANG_ANALYZER_NUMBER_OBJECT_CONVERSION = YES_AGGRESSIVE;
				CLANG_CXX_LANGUAGE_STANDARD = "gnu++14";
				CLANG_CXX_LIBRARY = "libc++";
				CLANG_ENABLE_MODULES = YES;
				CLANG_ENABLE_OBJC_ARC = YES;
				CLANG_ENABLE_OBJC_WEAK = YES;
				CLANG_WARN_BLOCK_CAPTURE_AUTORELEASING = YES;
				CLANG_WARN_BOOL_CONVERSION = YES;
				CLANG_WARN_COMMA = YES;
				CLANG_WARN_CONSTANT_CONVERSION = YES;
				CLANG_WARN_DEPRECATED_OBJC_IMPLEMENTATIONS = YES;
				CLANG_WARN_DIRECT_OBJC_ISA_USAGE = YES_ERROR;
				CLANG_WARN_DOCUMENTATION_COMMENTS = YES;
				CLANG_WARN_EMPTY_BODY = YES;
				CLANG_WARN_ENUM_CONVERSION = YES;
				CLANG_WARN_INFINITE_RECURSION = YES;
				CLANG_WARN_INT_CONVERSION = YES;
				CLANG_WARN_NON_LITERAL_NULL_CONVERSION = YES;
				CLANG_WARN_OBJC_IMPLICIT_RETAIN_SELF = YES;
				CLANG_WARN_OBJC_LITERAL_CONVERSION = YES;
				CLANG_WARN_OBJC_ROOT_CLASS = YES_ERROR;
				CLANG_WARN_QUOTED_INCLUDE_IN_FRAMEWORK_HEADER = YES;
				CLANG_WARN_RANGE_LOOP_ANALYSIS = YES;
				CLANG_WARN_STRICT_PROTOTYPES = YES;
				CLANG_WARN_SUSPICIOUS_MOVE = YES;
				CLANG_WARN_UNGUARDED_AVAILABILITY = YES_AGGRESSIVE;
				CLANG_WARN_UNREACHABLE_CODE = YES;
				CLANG_WARN__DUPLICATE_METHOD_MATCH = YES;
				COPY_PHASE_STRIP = NO;
				DEBUG_INFORMATION_FORMAT = dwarf;
				ENABLE_STRICT_OBJC_MSGSEND = YES;
				ENABLE_TESTABILITY = YES;
				GCC_C_LANGUAGE_STANDARD = gnu11;
				GCC_DYNAMIC_NO_PIC = NO;
				GCC_NO_COMMON_BLOCKS = YES;
				GCC_OPTIMIZATION_LEVEL = 0;
				GCC_PREPROCESSOR_DEFINITIONS = (
					"$(inherited)",
					"DEBUG=1",
				);
				GCC_WARN_64_TO_32_BIT_CONVERSION = YES;
				GCC_WARN_ABOUT_RETURN_TYPE = YES_ERROR;
				GCC_WARN_UNDECLARED_SELECTOR = YES;
				GCC_WARN_UNINITIALIZED_AUTOS = YES_AGGRESSIVE;
				GCC_WARN_UNUSED_FUNCTION = YES;
				GCC_WARN_UNUSED_VARIABLE = YES;
				MTL_ENABLE_DEBUG_INFO = INCLUDE_SOURCE;
				MTL_FAST_MATH = YES;
				ONLY_ACTIVE_ARCH = YES;
				PRODUCT_NAME = "$(TARGET_NAME)";
				SDKROOT = macosx;
				SWIFT_ACTIVE_COMPILATION_CONDITIONS = DEBUG;
				SWIFT_OPTIMIZATION_LEVEL = "-Onone";
				SWIFT_VERSION = 5.0;
			};
			name = Debug;
		};
/* End XCBuildConfiguration section */

/* Begin XCConfigurationList section */
		36B649F2CC728C6F971BAE5B /* Build configuration list for PBXProject "SlideKitAtelier" */ = {
			isa = XCConfigurationList;
			buildConfigurations = (
				F6C4107C6EA48E0E247F824E /* Debug */,
				9F5822FF575D273A3C7AB3E3 /* Release */,
			);
			defaultConfigurationIsVisible = 0;
			defaultConfigurationName = Debug;
		};
		E85226AA2B144CBD184870A7 /* Build configuration list for PBXNativeTarget "SlideKitAtelier" */ = {
			isa = XCConfigurationList;
			buildConfigurations = (
				721B4572A3F2C87FE5642FD6 /* Debug */,
				A4DF19C6CFEEF7FA6014ACEC /* Release */,
			);
			defaultConfigurationIsVisible = 0;
			defaultConfigurationName = Debug;
		};
/* End XCConfigurationList section */

/* Begin XCRemoteSwiftPackageReference section */
		2F6FB983E04AE58A55A99C50 /* XCRemoteSwiftPackageReference "SlideKit" */ = {
			isa = XCRemoteSwiftPackageReference;
			repositoryURL = "https://github.com/mtj0928/SlideKit";
			requirement = {
				kind = upToNextMajorVersion;
				minimumVersion = 0.7.0;
			};
		};
/* End XCRemoteSwiftPackageReference section */

/* Begin XCSwiftPackageProductDependency section */
		9865720E850CF3128D1F4EDA /* SlideKit */ = {
			isa = XCSwiftPackageProductDependency;
			package = 2F6FB983E04AE58A55A99C50 /* XCRemoteSwiftPackageReference "SlideKit" */;
			productName = SlideKit;
		};
/* End XCSwiftPackageProductDependency section */
	};
	rootObject = ADC693A35497A0937E824915 /* Project object */;
}
